
Microsoft Visual Studio Solution File, Format Version 12.00
# Visual Studio Version 17
VisualStudioVersion = 17.13.35919.96 d17.13
MinimumVisualStudioVersion = 10.0.40219.1
Project("{FAE04EC0-301F-11D3-BF4B-00C04F79EFBC}") = "MauiApp2", "MauiApp2\MauiApp2.csproj", "{0D3E8DE2-C987-48A3-9228-1732D295C9B0}"
EndProject
Global
	GlobalSection(SolutionConfigurationPlatforms) = preSolution
		Debug|Any CPU = Debug|Any CPU
		Release|Any CPU = Release|Any CPU
	EndGlobalSection
	GlobalSection(ProjectConfigurationPlatforms) = postSolution
		{0D3E8DE2-C987-48A3-9228-1732D295C9B0}.Debug|Any CPU.ActiveCfg = Debug|Any CPU
		{0D3E8DE2-C987-48A3-9228-1732D295C9B0}.Debug|Any CPU.Build.0 = Debug|Any CPU
		{0D3E8DE2-C987-48A3-9228-1732D295C9B0}.Debug|Any CPU.Deploy.0 = Debug|Any CPU
		{0D3E8DE2-C987-48A3-9228-1732D295C9B0}.Release|Any CPU.ActiveCfg = Release|Any CPU
		{0D3E8DE2-C987-48A3-9228-1732D295C9B0}.Release|Any CPU.Build.0 = Release|Any CPU
		{0D3E8DE2-C987-48A3-9228-1732D295C9B0}.Release|Any CPU.Deploy.0 = Release|Any CPU
	EndGlobalSection
	GlobalSection(SolutionProperties) = preSolution
		HideSolutionNode = FALSE
	EndGlobalSection
	GlobalSection(ExtensibilityGlobals) = postSolution
		SolutionGuid = {EEDA055B-D067-45DC-AB0F-B6BDCA34C8FD}
	EndGlobalSection
EndGlobal
